{
  "name": "create-gh-webhooks",
  "version": "1.0.0",
  "lockfileVersion": 3,
  "requires": true,
  "packages": {
    "": {
      "name": "create-gh-webhooks",
      "version": "1.0.0",
      "license": "ISC",
      "devDependencies": {
        "@tsconfig/node-lts": "^18.12.1",
        "typescript": "^5.0.4"
      }
    },
    "node_modules/@tsconfig/node-lts": {
      "version": "18.12.1",
      "resolved": "https://registry.npmjs.org/@tsconfig/node-lts/-/node-lts-18.12.1.tgz",
      "integrity": "sha512-UkIaMWDwJ+qJX/os8lzYh7m47qQJY7sIp1WZiEStASrpzczp27+jA0fJES+IjnS2OlDDLeBghNrVkKw8iYIRdA==",
      "dev": true
    },
    "node_modules/typescript": {
      "version": "5.0.4",
      "resolved": "https://registry.npmjs.org/typescript/-/typescript-5.0.4.tgz",
      "integrity": "sha512-cW9T5W9xY37cc+jfEnaUvX91foxtHkza3Nw3wkoF4sSlKn0MONdkdEndig/qPBWXNkmplh3NzayQzCiHM4/hqw==",
      "dev": true,
      "bin": {
        "tsc": "bin/tsc",
        "tsserver": "bin/tsserver"
      },
      "engines": {
        "node": ">=12.20"
      }
    }
  }
}
